
Microsoft Visual Studio Solution File, Format Version 12.00
# Visual Studio Version 17
VisualStudioVersion = 17.14.36705.20
MinimumVisualStudioVersion = 10.0.40219.1
Project("{FAE04EC0-301F-11D3-BF4B-00C04F79EFBC}") = "MyShop.Domain", "src\MyShop.Domain\MyShop.Domain.csproj", "{45165CB1-3C04-4D95-9259-3FF9BF8D1222}"
EndProject
Project("{FAE04EC0-301F-11D3-BF4B-00C04F79EFBC}") = "MyShop.Application", "src\MyShop.Application\MyShop.Application.csproj", "{180EB89C-289D-4E26-9950-7961E1DFE33E}"
EndProject
Project("{FAE04EC0-301F-11D3-BF4B-00C04F79EFBC}") = "MyShop.Persistence", "src\MyShop.Persistence\MyShop.Persistence.csproj", "{8DFD44DF-BE61-48F1-9A55-9516868057DC}"
EndProject
Project("{FAE04EC0-301F-11D3-BF4B-00C04F79EFBC}") = "MyShop.WebApi", "src\MyShop.WebApi\MyShop.WebApi.csproj", "{12B5F66F-FB21-431B-8A33-F9AFDAA7615E}"
EndProject
Project("{FAE04EC0-301F-11D3-BF4B-00C04F79EFBC}") = "MyShop.WebMvc", "src\MyShop.WebMvc\MyShop.WebMvc.csproj", "{6D086C4E-32E8-4E57-8667-ABA0BED4AB4B}"
EndProject
Project("{FAE04EC0-301F-11D3-BF4B-00C04F79EFBC}") = "MyShop.Contracts", "src\MyShop.Contracts\MyShop.Contracts.csproj", "{50731199-2DAA-4457-A8B3-83F9BB87D4FB}"
EndProject
Global
	GlobalSection(SolutionConfigurationPlatforms) = preSolution
		Debug|Any CPU = Debug|Any CPU
		Release|Any CPU = Release|Any CPU
	EndGlobalSection
	GlobalSection(ProjectConfigurationPlatforms) = postSolution
		{45165CB1-3C04-4D95-9259-3FF9BF8D1222}.Debug|Any CPU.ActiveCfg = Debug|Any CPU
		{45165CB1-3C04-4D95-9259-3FF9BF8D1222}.Debug|Any CPU.Build.0 = Debug|Any CPU
		{45165CB1-3C04-4D95-9259-3FF9BF8D1222}.Release|Any CPU.ActiveCfg = Release|Any CPU
		{45165CB1-3C04-4D95-9259-3FF9BF8D1222}.Release|Any CPU.Build.0 = Release|Any CPU
		{180EB89C-289D-4E26-9950-7961E1DFE33E}.Debug|Any CPU.ActiveCfg = Debug|Any CPU
		{180EB89C-289D-4E26-9950-7961E1DFE33E}.Debug|Any CPU.Build.0 = Debug|Any CPU
		{180EB89C-289D-4E26-9950-7961E1DFE33E}.Release|Any CPU.ActiveCfg = Release|Any CPU
		{180EB89C-289D-4E26-9950-7961E1DFE33E}.Release|Any CPU.Build.0 = Release|Any CPU
		{8DFD44DF-BE61-48F1-9A55-9516868057DC}.Debug|Any CPU.ActiveCfg = Debug|Any CPU
		{8DFD44DF-BE61-48F1-9A55-9516868057DC}.Debug|Any CPU.Build.0 = Debug|Any CPU
		{8DFD44DF-BE61-48F1-9A55-9516868057DC}.Release|Any CPU.ActiveCfg = Release|Any CPU
		{8DFD44DF-BE61-48F1-9A55-9516868057DC}.Release|Any CPU.Build.0 = Release|Any CPU
		{12B5F66F-FB21-431B-8A33-F9AFDAA7615E}.Debug|Any CPU.ActiveCfg = Debug|Any CPU
		{12B5F66F-FB21-431B-8A33-F9AFDAA7615E}.Debug|Any CPU.Build.0 = Debug|Any CPU
		{12B5F66F-FB21-431B-8A33-F9AFDAA7615E}.Release|Any CPU.ActiveCfg = Release|Any CPU
		{12B5F66F-FB21-431B-8A33-F9AFDAA7615E}.Release|Any CPU.Build.0 = Release|Any CPU
		{6D086C4E-32E8-4E57-8667-ABA0BED4AB4B}.Debug|Any CPU.ActiveCfg = Debug|Any CPU
		{6D086C4E-32E8-4E57-8667-ABA0BED4AB4B}.Debug|Any CPU.Build.0 = Debug|Any CPU
		{6D086C4E-32E8-4E57-8667-ABA0BED4AB4B}.Release|Any CPU.ActiveCfg = Release|Any CPU
		{6D086C4E-32E8-4E57-8667-ABA0BED4AB4B}.Release|Any CPU.Build.0 = Release|Any CPU
		{50731199-2DAA-4457-A8B3-83F9BB87D4FB}.Debug|Any CPU.ActiveCfg = Debug|Any CPU
		{50731199-2DAA-4457-A8B3-83F9BB87D4FB}.Debug|Any CPU.Build.0 = Debug|Any CPU
		{50731199-2DAA-4457-A8B3-83F9BB87D4FB}.Release|Any CPU.ActiveCfg = Release|Any CPU
		{50731199-2DAA-4457-A8B3-83F9BB87D4FB}.Release|Any CPU.Build.0 = Release|Any CPU
	EndGlobalSection
	GlobalSection(SolutionProperties) = preSolution
		HideSolutionNode = FALSE
	EndGlobalSection
	GlobalSection(ExtensibilityGlobals) = postSolution
		SolutionGuid = {11BEB058-8F0B-4BFC-A1E3-07FD10499DC8}
	EndGlobalSection
EndGlobal
